Microsoft Visual Studio Solution File, Format Version 12.00
# Visual Studio 2012
Project("{FAE04EC0-301F-11D3-BF4B-00C04F79EFBC}") = "Battlefields 1942", "Battlefields 1942.csproj", "{D693D11D-198D-46E7-B43F-DEC1686C1948}"
EndProject
Global
	GlobalSection(SolutionConfigurationPlatforms) = preSolution
	Debug|Any CPU = Debug|Any CPU
	ExportDebug|Any CPU = ExportDebug|Any CPU
	ExportRelease|Any CPU = ExportRelease|Any CPU
	EndGlobalSection
	GlobalSection(ProjectConfigurationPlatforms) = postSolution
		{D693D11D-198D-46E7-B43F-DEC1686C1948}.Debug|Any CPU.ActiveCfg = Debug|Any CPU
		{D693D11D-198D-46E7-B43F-DEC1686C1948}.Debug|Any CPU.Build.0 = Debug|Any CPU
		{D693D11D-198D-46E7-B43F-DEC1686C1948}.ExportDebug|Any CPU.ActiveCfg = ExportDebug|Any CPU
		{D693D11D-198D-46E7-B43F-DEC1686C1948}.ExportDebug|Any CPU.Build.0 = ExportDebug|Any CPU
		{D693D11D-198D-46E7-B43F-DEC1686C1948}.ExportRelease|Any CPU.ActiveCfg = ExportRelease|Any CPU
		{D693D11D-198D-46E7-B43F-DEC1686C1948}.ExportRelease|Any CPU.Build.0 = ExportRelease|Any CPU
	EndGlobalSection
EndGlobal
